
Microsoft Visual Studio Solution File, Format Version 12.00
# Visual Studio Version 17
VisualStudioVersion = 17.2.32526.322
MinimumVisualStudioVersion = 10.0.40219.1
Project("{9A19103F-16F7-4668-BE54-9A1E7A4F7556}") = "BattleshipStateTracker", "BattleshipStateTracker\BattleshipStateTracker.csproj", "{86B252A5-EB5B-442F-B267-C386C62116B9}"
EndProject
Project("{9A19103F-16F7-4668-BE54-9A1E7A4F7556}") = "BattleshipStateTracker.Core", "BattleshipStateTracker.Core\BattleshipStateTracker.Core.csproj", "{C97AE3A3-DB10-4E9C-BF20-DBAB14AD157D}"
EndProject
Project("{FAE04EC0-301F-11D3-BF4B-00C04F79EFBC}") = "BattleshipStateTrackerUnitTest", "BattleshipStateTrackerUnitTest\BattleshipStateTrackerUnitTest.csproj", "{95621F56-FDF8-454F-A191-1E57389C7A25}"
EndProject
Global
	GlobalSection(SolutionConfigurationPlatforms) = preSolution
		Debug|Any CPU = Debug|Any CPU
		Release|Any CPU = Release|Any CPU
	EndGlobalSection
	GlobalSection(ProjectConfigurationPlatforms) = postSolution
		{86B252A5-EB5B-442F-B267-C386C62116B9}.Debug|Any CPU.ActiveCfg = Debug|Any CPU
		{86B252A5-EB5B-442F-B267-C386C62116B9}.Debug|Any CPU.Build.0 = Debug|Any CPU
		{86B252A5-EB5B-442F-B267-C386C62116B9}.Release|Any CPU.ActiveCfg = Release|Any CPU
		{86B252A5-EB5B-442F-B267-C386C62116B9}.Release|Any CPU.Build.0 = Release|Any CPU
		{C97AE3A3-DB10-4E9C-BF20-DBAB14AD157D}.Debug|Any CPU.ActiveCfg = Debug|Any CPU
		{C97AE3A3-DB10-4E9C-BF20-DBAB14AD157D}.Debug|Any CPU.Build.0 = Debug|Any CPU
		{C97AE3A3-DB10-4E9C-BF20-DBAB14AD157D}.Release|Any CPU.ActiveCfg = Release|Any CPU
		{C97AE3A3-DB10-4E9C-BF20-DBAB14AD157D}.Release|Any CPU.Build.0 = Release|Any CPU
		{95621F56-FDF8-454F-A191-1E57389C7A25}.Debug|Any CPU.ActiveCfg = Debug|Any CPU
		{95621F56-FDF8-454F-A191-1E57389C7A25}.Debug|Any CPU.Build.0 = Debug|Any CPU
		{95621F56-FDF8-454F-A191-1E57389C7A25}.Release|Any CPU.ActiveCfg = Release|Any CPU
		{95621F56-FDF8-454F-A191-1E57389C7A25}.Release|Any CPU.Build.0 = Release|Any CPU
	EndGlobalSection
	GlobalSection(SolutionProperties) = preSolution
		HideSolutionNode = FALSE
	EndGlobalSection
	GlobalSection(ExtensibilityGlobals) = postSolution
		SolutionGuid = {D352C83A-9B3F-4011-ADFC-E630BB7D6C82}
	EndGlobalSection
EndGlobal
